
Microsoft Visual Studio Solution File, Format Version 12.00
# Visual Studio Version 16
VisualStudioVersion = 16.0.29424.173
MinimumVisualStudioVersion = 10.0.40219.1
Project("{9A19103F-16F7-4668-BE54-9A1E7A4F7556}") = "medBytePresentation", "medBytePresentation\medBytePresentation.csproj", "{622FD2E7-F447-4E05-88A1-4E943DD5501D}"
EndProject
Project("{9A19103F-16F7-4668-BE54-9A1E7A4F7556}") = "medByteApi", "medByteApi\medByteApi.csproj", "{52088106-85B5-491F-B3E5-138475DBA2F8}"
EndProject
Project("{FAE04EC0-301F-11D3-BF4B-00C04F79EFBC}") = "XUnitTest.medByte", "XUnitTest.medByte\XUnitTest.medByte.csproj", "{87213A7B-7677-4EE4-A08D-51B657D639B0}"
EndProject
Global
	GlobalSection(SolutionConfigurationPlatforms) = preSolution
		Debug|Any CPU = Debug|Any CPU
		Release|Any CPU = Release|Any CPU
	EndGlobalSection
	GlobalSection(ProjectConfigurationPlatforms) = postSolution
		{622FD2E7-F447-4E05-88A1-4E943DD5501D}.Debug|Any CPU.ActiveCfg = Debug|Any CPU
		{622FD2E7-F447-4E05-88A1-4E943DD5501D}.Debug|Any CPU.Build.0 = Debug|Any CPU
		{622FD2E7-F447-4E05-88A1-4E943DD5501D}.Release|Any CPU.ActiveCfg = Release|Any CPU
		{622FD2E7-F447-4E05-88A1-4E943DD5501D}.Release|Any CPU.Build.0 = Release|Any CPU
		{52088106-85B5-491F-B3E5-138475DBA2F8}.Debug|Any CPU.ActiveCfg = Debug|Any CPU
		{52088106-85B5-491F-B3E5-138475DBA2F8}.Debug|Any CPU.Build.0 = Debug|Any CPU
		{52088106-85B5-491F-B3E5-138475DBA2F8}.Release|Any CPU.ActiveCfg = Release|Any CPU
		{52088106-85B5-491F-B3E5-138475DBA2F8}.Release|Any CPU.Build.0 = Release|Any CPU
		{87213A7B-7677-4EE4-A08D-51B657D639B0}.Debug|Any CPU.ActiveCfg = Debug|Any CPU
		{87213A7B-7677-4EE4-A08D-51B657D639B0}.Debug|Any CPU.Build.0 = Debug|Any CPU
		{87213A7B-7677-4EE4-A08D-51B657D639B0}.Release|Any CPU.ActiveCfg = Release|Any CPU
		{87213A7B-7677-4EE4-A08D-51B657D639B0}.Release|Any CPU.Build.0 = Release|Any CPU
	EndGlobalSection
	GlobalSection(SolutionProperties) = preSolution
		HideSolutionNode = FALSE
	EndGlobalSection
	GlobalSection(ExtensibilityGlobals) = postSolution
		SolutionGuid = {19E86F1B-EBCE-48FB-9522-A9218197BA45}
	EndGlobalSection
EndGlobal
